
Microsoft Visual Studio Solution File, Format Version 12.00
# Visual Studio Version 16
VisualStudioVersion = 16.0.30804.86
MinimumVisualStudioVersion = 10.0.40219.1
Project("{FAE04EC0-301F-11D3-BF4B-00C04F79EFBC}") = "Student Management", "Student Management\Student Management.csproj", "{9FC1DC50-E6B0-41BE-91E2-DFD2A148E0FD}"
EndProject
Global
	GlobalSection(SolutionConfigurationPlatforms) = preSolution
		Debug|Any CPU = Debug|Any CPU
		Release|Any CPU = Release|Any CPU
	EndGlobalSection
	GlobalSection(ProjectConfigurationPlatforms) = postSolution
		{9FC1DC50-E6B0-41BE-91E2-DFD2A148E0FD}.Debug|Any CPU.ActiveCfg = Debug|Any CPU
		{9FC1DC50-E6B0-41BE-91E2-DFD2A148E0FD}.Debug|Any CPU.Build.0 = Debug|Any CPU
		{9FC1DC50-E6B0-41BE-91E2-DFD2A148E0FD}.Release|Any CPU.ActiveCfg = Release|Any CPU
		{9FC1DC50-E6B0-41BE-91E2-DFD2A148E0FD}.Release|Any CPU.Build.0 = Release|Any CPU
	EndGlobalSection
	GlobalSection(SolutionProperties) = preSolution
		HideSolutionNode = FALSE
	EndGlobalSection
	GlobalSection(ExtensibilityGlobals) = postSolution
		SolutionGuid = {004374E1-0AC5-4A49-9402-131F1C86DB9D}
	EndGlobalSection
EndGlobal
